// !$*UTF8*$!
{
	archiveVersion = 1;
	classes = {
	};
	objectVersion = 46;
	objects = {

/* Begin PBXBuildFile section */
		B52791681D7BD94A00FA01C8 /* AppDelegate.swift in Sources */ = {isa = PBXBuildFile; fileRef = B52791671D7BD94A00FA01C8 /* AppDelegate.swift */; };
		B527916C1D7BD94A00FA01C8 /* GameScene.swift in Sources */ = {isa = PBXBuildFile; fileRef = B527916B1D7BD94A00FA01C8 /* GameScene.swift */; };
		B527916E1D7BD94A00FA01C8 /* GameViewController.swift in Sources */ = {isa = PBXBuildFile; fileRef = B527916D1D7BD94A00FA01C8 /* GameViewController.swift */; };
		B52791711D7BD94A00FA01C8 /* Main.storyboard in Resources */ = {isa = PBXBuildFile; fileRef = B527916F1D7BD94A00FA01C8 /* Main.storyboard */; };
		B52791731D7BD94A00FA01C8 /* Assets.xcassets in Resources */ = {isa = PBXBuildFile; fileRef = B52791721D7BD94A00FA01C8 /* Assets.xcassets */; };
		B52791761D7BD94B00FA01C8 /* LaunchScreen.storyboard in Resources */ = {isa = PBXBuildFile; fileRef = B52791741D7BD94B00FA01C8 /* LaunchScreen.storyboard */; };
		B52791811D7BDA3B00FA01C8 /* MenuScene.swift in Sources */ = {isa = PBXBuildFile; fileRef = B52791801D7BDA3B00FA01C8 /* MenuScene.swift */; };
		B52791831D7BDA5400FA01C8 /* DifficultyScene.swift in Sources */ = {isa = PBXBuildFile; fileRef = B52791821D7BDA5400FA01C8 /* DifficultyScene.swift */; };
		B52791851D7BDA7800FA01C8 /* CategoryScene.swift in Sources */ = {isa = PBXBuildFile; fileRef = B52791841D7BDA7800FA01C8 /* CategoryScene.swift */; };
		B52791871D7BDC5C00FA01C8 /* GameData.swift in Sources */ = {isa = PBXBuildFile; fileRef = B52791861D7BDC5C00FA01C8 /* GameData.swift */; };
		B527918E1D7BED8800FA01C8 /* settingsIcon.png in Resources */ = {isa = PBXBuildFile; fileRef = B527918D1D7BED8800FA01C8 /* settingsIcon.png */; };
		B52791921D7BFBFE00FA01C8 /* display1.png in Resources */ = {isa = PBXBuildFile; fileRef = B52791911D7BFBFE00FA01C8 /* display1.png */; };
		B52791941D7BFF7700FA01C8 /* bombImg.png in Resources */ = {isa = PBXBuildFile; fileRef = B52791931D7BFF7700FA01C8 /* bombImg.png */; };
		B52791981D7C03A600FA01C8 /* timerFrame.png in Resources */ = {isa = PBXBuildFile; fileRef = B52791971D7C03A600FA01C8 /* timerFrame.png */; };
		B527919A1D7C861900FA01C8 /* letterBox.png in Resources */ = {isa = PBXBuildFile; fileRef = B52791991D7C861900FA01C8 /* letterBox.png */; };
		B527919C1D7C88E000FA01C8 /* display.png in Resources */ = {isa = PBXBuildFile; fileRef = B527919B1D7C88E000FA01C8 /* display.png */; };
		B527919E1D7C898000FA01C8 /* smallDisplay.png in Resources */ = {isa = PBXBuildFile; fileRef = B527919D1D7C898000FA01C8 /* smallDisplay.png */; };
		B52791A11D7C9E7600FA01C8 /* Bazaronite.ttf in Resources */ = {isa = PBXBuildFile; fileRef = B52791A01D7C9E7600FA01C8 /* Bazaronite.ttf */; };
		B52791A31D7CA39000FA01C8 /* BadgesScene.swift in Sources */ = {isa = PBXBuildFile; fileRef = B52791A21D7CA39000FA01C8 /* BadgesScene.swift */; };
		B52791A71D7CE23800FA01C8 /* unlockButton.png in Resources */ = {isa = PBXBuildFile; fileRef = B52791A61D7CE23800FA01C8 /* unlockButton.png */; };
		B52791A91D7DD82700FA01C8 /* Sounds.swift in Sources */ = {isa = PBXBuildFile; fileRef = B52791A81D7DD82700FA01C8 /* Sounds.swift */; };
/* End PBXBuildFile section */

/* Begin PBXFileReference section */
		B52791641D7BD94A00FA01C8 /* WordBomb.app */ = {isa = PBXFileReference; explicitFileType = wrapper.application; includeInIndex = 0; path = WordBomb.app; sourceTree = BUILT_PRODUCTS_DIR; };
		B52791671D7BD94A00FA01C8 /* AppDelegate.swift */ = {isa = PBXFileReference; lastKnownFileType = sourcecode.swift; path = AppDelegate.swift; sourceTree = "<group>"; };
		B527916B1D7BD94A00FA01C8 /* GameScene.swift */ = {isa = PBXFileReference; lastKnownFileType = sourcecode.swift; path = GameScene.swift; sourceTree = "<group>"; };
		B527916D1D7BD94A00FA01C8 /* GameViewController.swift */ = {isa = PBXFileReference; lastKnownFileType = sourcecode.swift; path = GameViewController.swift; sourceTree = "<group>"; };
		B52791701D7BD94A00FA01C8 /* Base */ = {isa = PBXFileReference; lastKnownFileType = file.storyboard; name = Base; path = Base.lproj/Main.storyboard; sourceTree = "<group>"; };
		B52791721D7BD94A00FA01C8 /* Assets.xcassets */ = {isa = PBXFileReference; lastKnownFileType = folder.assetcatalog; path = Assets.xcassets; sourceTree = "<group>"; };
		B52791751D7BD94B00FA01C8 /* Base */ = {isa = PBXFileReference; lastKnownFileType = file.storyboard; name = Base; path = Base.lproj/LaunchScreen.storyboard; sourceTree = "<group>"; };
		B52791771D7BD94B00FA01C8 /* Info.plist */ = {isa = PBXFileReference; lastKnownFileType = text.plist.xml; path = Info.plist; sourceTree = "<group>"; };
		B52791801D7BDA3B00FA01C8 /* MenuScene.swift */ = {isa = PBXFileReference; fileEncoding = 4; lastKnownFileType = sourcecode.swift; path = MenuScene.swift; sourceTree = "<group>"; };
		B52791821D7BDA5400FA01C8 /* DifficultyScene.swift */ = {isa = PBXFileReference; fileEncoding = 4; lastKnownFileType = sourcecode.swift; path = DifficultyScene.swift; sourceTree = "<group>"; };
		B52791841D7BDA7800FA01C8 /* CategoryScene.swift */ = {isa = PBXFileReference; fileEncoding = 4; lastKnownFileType = sourcecode.swift; path = CategoryScene.swift; sourceTree = "<group>"; };
		B52791861D7BDC5C00FA01C8 /* GameData.swift */ = {isa = PBXFileReference; fileEncoding = 4; lastKnownFileType = sourcecode.swift; path = GameData.swift; sourceTree = "<group>"; };
		B527918D1D7BED8800FA01C8 /* settingsIcon.png */ = {isa = PBXFileReference; lastKnownFileType = image.png; path = settingsIcon.png; sourceTree = "<group>"; };
		B52791911D7BFBFE00FA01C8 /* display1.png */ = {isa = PBXFileReference; lastKnownFileType = image.png; path = display1.png; sourceTree = "<group>"; };
		B52791931D7BFF7700FA01C8 /* bombImg.png */ = {isa = PBXFileReference; lastKnownFileType = image.png; path = bombImg.png; sourceTree = "<group>"; };
		B52791971D7C03A600FA01C8 /* timerFrame.png */ = {isa = PBXFileReference; lastKnownFileType = image.png; path = timerFrame.png; sourceTree = "<group>"; };
		B52791991D7C861900FA01C8 /* letterBox.png */ = {isa = PBXFileReference; lastKnownFileType = image.png; path = letterBox.png; sourceTree = "<group>"; };
		B527919B1D7C88E000FA01C8 /* display.png */ = {isa = PBXFileReference; lastKnownFileType = image.png; path = display.png; sourceTree = "<group>"; };
		B527919D1D7C898000FA01C8 /* smallDisplay.png */ = {isa = PBXFileReference; lastKnownFileType = image.png; path = smallDisplay.png; sourceTree = "<group>"; };
		B52791A01D7C9E7600FA01C8 /* Bazaronite.ttf */ = {isa = PBXFileReference; lastKnownFileType = file; path = Bazaronite.ttf; sourceTree = "<group>"; };
		B52791A21D7CA39000FA01C8 /* BadgesScene.swift */ = {isa = PBXFileReference; fileEncoding = 4; lastKnownFileType = sourcecode.swift; path = BadgesScene.swift; sourceTree = "<group>"; };
		B52791A61D7CE23800FA01C8 /* unlockButton.png */ = {isa = PBXFileReference; lastKnownFileType = image.png; path = unlockButton.png; sourceTree = "<group>"; };
		B52791A81D7DD82700FA01C8 /* Sounds.swift */ = {isa = PBXFileReference; fileEncoding = 4; lastKnownFileType = sourcecode.swift; path = Sounds.swift; sourceTree = "<group>"; };
/* End PBXFileReference section */

/* Begin PBXFrameworksBuildPhase section */
		B52791611D7BD94A00FA01C8 /* Frameworks */ = {
			isa = PBXFrameworksBuildPhase;
			buildActionMask = 2147483647;
			files = (
			);
			runOnlyForDeploymentPostprocessing = 0;
		};
/* End PBXFrameworksBuildPhase section */

/* Begin PBXGroup section */
		B527915B1D7BD94A00FA01C8 = {
			isa = PBXGroup;
			children = (
				B52791661D7BD94A00FA01C8 /* WordBomb */,
				B52791651D7BD94A00FA01C8 /* Products */,
			);
			sourceTree = "<group>";
		};
		B52791651D7BD94A00FA01C8 /* Products */ = {
			isa = PBXGroup;
			children = (
				B52791641D7BD94A00FA01C8 /* WordBomb.app */,
			);
			name = Products;
			sourceTree = "<group>";
		};
		B52791661D7BD94A00FA01C8 /* WordBomb */ = {
			isa = PBXGroup;
			children = (
				B527919F1D7C9E4E00FA01C8 /* Support Assets */,
				B527917F1D7BD9C100FA01C8 /* Controllers */,
				B527917D1D7BD99000FA01C8 /* Scenes */,
				B527917E1D7BD9A200FA01C8 /* Supporting Files */,
				B52791881D7BEAF400FA01C8 /* Images */,
				B52791721D7BD94A00FA01C8 /* Assets.xcassets */,
			);
			path = WordBomb;
			sourceTree = "<group>";
		};
		B527917D1D7BD99000FA01C8 /* Scenes */ = {
			isa = PBXGroup;
			children = (
				B52791801D7BDA3B00FA01C8 /* MenuScene.swift */,
				B52791821D7BDA5400FA01C8 /* DifficultyScene.swift */,
				B52791841D7BDA7800FA01C8 /* CategoryScene.swift */,
				B52791A21D7CA39000FA01C8 /* BadgesScene.swift */,
				B527916B1D7BD94A00FA01C8 /* GameScene.swift */,
			);
			name = Scenes;
			sourceTree = "<group>";
		};
		B527917E1D7BD9A200FA01C8 /* Supporting Files */ = {
			isa = PBXGroup;
			children = (
				B52791861D7BDC5C00FA01C8 /* GameData.swift */,
				B52791A81D7DD82700FA01C8 /* Sounds.swift */,
				B52791671D7BD94A00FA01C8 /* AppDelegate.swift */,
				B52791771D7BD94B00FA01C8 /* Info.plist */,
				B52791741D7BD94B00FA01C8 /* LaunchScreen.storyboard */,
				B527916F1D7BD94A00FA01C8 /* Main.storyboard */,
			);
			name = "Supporting Files";
			sourceTree = "<group>";
		};
		B527917F1D7BD9C100FA01C8 /* Controllers */ = {
			isa = PBXGroup;
			children = (
				B527916D1D7BD94A00FA01C8 /* GameViewController.swift */,
			);
			name = Controllers;
			sourceTree = "<group>";
		};
		B52791881D7BEAF400FA01C8 /* Images */ = {
			isa = PBXGroup;
			children = (
				B52791A61D7CE23800FA01C8 /* unlockButton.png */,
				B52791991D7C861900FA01C8 /* letterBox.png */,
				B527919B1D7C88E000FA01C8 /* display.png */,
				B527919D1D7C898000FA01C8 /* smallDisplay.png */,
				B52791911D7BFBFE00FA01C8 /* display1.png */,
				B52791971D7C03A600FA01C8 /* timerFrame.png */,
				B527918D1D7BED8800FA01C8 /* settingsIcon.png */,
				B52791931D7BFF7700FA01C8 /* bombImg.png */,
			);
			name = Images;
			sourceTree = "<group>";
		};
		B527919F1D7C9E4E00FA01C8 /* Support Assets */ = {
			isa = PBXGroup;
			children = (
				B52791A01D7C9E7600FA01C8 /* Bazaronite.ttf */,
			);
			name = "Support Assets";
			sourceTree = "<group>";
		};
/* End PBXGroup section */

/* Begin PBXNativeTarget section */
		B52791631D7BD94A00FA01C8 /* WordBomb */ = {
			isa = PBXNativeTarget;
			buildConfigurationList = B527917A1D7BD94B00FA01C8 /* Build configuration list for PBXNativeTarget "WordBomb" */;
			buildPhases = (
				B52791601D7BD94A00FA01C8 /* Sources */,
				B52791611D7BD94A00FA01C8 /* Frameworks */,
				B52791621D7BD94A00FA01C8 /* Resources */,
			);
			buildRules = (
			);
			dependencies = (
			);
			name = WordBomb;
			productName = WordBomb;
			productReference = B52791641D7BD94A00FA01C8 /* WordBomb.app */;
			productType = "com.apple.product-type.application";
		};
/* End PBXNativeTarget section */

/* Begin PBXProject section */
		B527915C1D7BD94A00FA01C8 /* Project object */ = {
			isa = PBXProject;
			attributes = {
				LastSwiftUpdateCheck = 0730;
				LastUpgradeCheck = 0730;
				ORGANIZATIONNAME = "Ramiro Beltran";
				TargetAttributes = {
					B52791631D7BD94A00FA01C8 = {
						CreatedOnToolsVersion = 7.3.1;
						DevelopmentTeam = VHQ88CT5TL;
					};
				};
			};
			buildConfigurationList = B527915F1D7BD94A00FA01C8 /* Build configuration list for PBXProject "WordBomb" */;
			compatibilityVersion = "Xcode 3.2";
			developmentRegion = English;
			hasScannedForEncodings = 0;
			knownRegions = (
				en,
				Base,
			);
			mainGroup = B527915B1D7BD94A00FA01C8;
			productRefGroup = B52791651D7BD94A00FA01C8 /* Products */;
			projectDirPath = "";
			projectRoot = "";
			targets = (
				B52791631D7BD94A00FA01C8 /* WordBomb */,
			);
		};
/* End PBXProject section */

/* Begin PBXResourcesBuildPhase section */
		B52791621D7BD94A00FA01C8 /* Resources */ = {
			isa = PBXResourcesBuildPhase;
			buildActionMask = 2147483647;
			files = (
				B52791981D7C03A600FA01C8 /* timerFrame.png in Resources */,
				B527919A1D7C861900FA01C8 /* letterBox.png in Resources */,
				B52791761D7BD94B00FA01C8 /* LaunchScreen.storyboard in Resources */,
				B527918E1D7BED8800FA01C8 /* settingsIcon.png in Resources */,
				B52791921D7BFBFE00FA01C8 /* display1.png in Resources */,
				B52791941D7BFF7700FA01C8 /* bombImg.png in Resources */,
				B527919E1D7C898000FA01C8 /* smallDisplay.png in Resources */,
				B52791A71D7CE23800FA01C8 /* unlockButton.png in Resources */,
				B52791A11D7C9E7600FA01C8 /* Bazaronite.ttf in Resources */,
				B52791731D7BD94A00FA01C8 /* Assets.xcassets in Resources */,
				B52791711D7BD94A00FA01C8 /* Main.storyboard in Resources */,
				B527919C1D7C88E000FA01C8 /* display.png in Resources */,
			);
			runOnlyForDeploymentPostprocessing = 0;
		};
/* End PBXResourcesBuildPhase section */

/* Begin PBXSourcesBuildPhase section */
		B52791601D7BD94A00FA01C8 /* Sources */ = {
			isa = PBXSourcesBuildPhase;
			buildActionMask = 2147483647;
			files = (
				B52791851D7BDA7800FA01C8 /* CategoryScene.swift in Sources */,
				B52791A31D7CA39000FA01C8 /* BadgesScene.swift in Sources */,
				B527916C1D7BD94A00FA01C8 /* GameScene.swift in Sources */,
				B52791811D7BDA3B00FA01C8 /* MenuScene.swift in Sources */,
				B527916E1D7BD94A00FA01C8 /* GameViewController.swift in Sources */,
				B52791871D7BDC5C00FA01C8 /* GameData.swift in Sources */,
				B52791A91D7DD82700FA01C8 /* Sounds.swift in Sources */,
				B52791831D7BDA5400FA01C8 /* DifficultyScene.swift in Sources */,
				B52791681D7BD94A00FA01C8 /* AppDelegate.swift in Sources */,
			);
			runOnlyForDeploymentPostprocessing = 0;
		};
/* End PBXSourcesBuildPhase section */

/* Begin PBXVariantGroup section */
		B527916F1D7BD94A00FA01C8 /* Main.storyboard */ = {
			isa = PBXVariantGroup;
			children = (
				B52791701D7BD94A00FA01C8 /* Base */,
			);
			name = Main.storyboard;
			sourceTree = "<group>";
		};
		B52791741D7BD94B00FA01C8 /* LaunchScreen.storyboard */ = {
			isa = PBXVariantGroup;
			children = (
				B52791751D7BD94B00FA01C8 /* Base */,
			);
			name = LaunchScreen.storyboard;
			sourceTree = "<group>";
		};
/* End PBXVariantGroup section */

/* Begin XCBuildConfiguration section */
		B52791781D7BD94B00FA01C8 /* Debug */ = {
			isa = XCBuildConfiguration;
			buildSettings = {
				ALWAYS_SEARCH_USER_PATHS = NO;
				CLANG_ANALYZER_NONNULL = YES;
				CLANG_CXX_LANGUAGE_STANDARD = "gnu++0x";
				CLANG_CXX_LIBRARY = "libc++";
				CLANG_ENABLE_MODULES = YES;
				CLANG_ENABLE_OBJC_ARC = YES;
				CLANG_WARN_BOOL_CONVERSION = YES;
				CLANG_WARN_CONSTANT_CONVERSION = YES;
				CLANG_WARN_DIRECT_OBJC_ISA_USAGE = YES_ERROR;
				CLANG_WARN_EMPTY_BODY = YES;
				CLANG_WARN_ENUM_CONVERSION = YES;
				CLANG_WARN_INT_CONVERSION = YES;
				CLANG_WARN_OBJC_ROOT_CLASS = YES_ERROR;
				CLANG_WARN_UNREACHABLE_CODE = YES;
				CLANG_WARN__DUPLICATE_METHOD_MATCH = YES;
				"CODE_SIGN_IDENTITY[sdk=iphoneos*]" = "iPhone Developer";
				COPY_PHASE_STRIP = NO;
				DEBUG_INFORMATION_FORMAT = "dwarf-with-dsym";
				ENABLE_STRICT_OBJC_MSGSEND = YES;
				ENABLE_TESTABILITY = YES;
				GCC_C_LANGUAGE_STANDARD = gnu99;
				GCC_DYNAMIC_NO_PIC = NO;
				GCC_NO_COMMON_BLOCKS = YES;
				GCC_OPTIMIZATION_LEVEL = 0;
				GCC_PREPROCESSOR_DEFINITIONS = (
					"DEBUG=1",
					"$(inherited)",
				);
				GCC_WARN_64_TO_32_BIT_CONVERSION = YES;
				GCC_WARN_ABOUT_RETURN_TYPE = YES_ERROR;
				GCC_WARN_UNDECLARED_SELECTOR = YES;
				GCC_WARN_UNINITIALIZED_AUTOS = YES_AGGRESSIVE;
				GCC_WARN_UNUSED_FUNCTION = YES;
				GCC_WARN_UNUSED_VARIABLE = YES;
				IPHONEOS_DEPLOYMENT_TARGET = 9.3;
				MTL_ENABLE_DEBUG_INFO = YES;
				ONLY_ACTIVE_ARCH = YES;
				SDKROOT = iphoneos;
				SWIFT_OPTIMIZATION_LEVEL = "-Onone";
				TARGETED_DEVICE_FAMILY = "1,2";
			};
			name = Debug;
		};
		B52791791D7BD94B00FA01C8 /* Release */ = {
			isa = XCBuildConfiguration;
			buildSettings = {
				ALWAYS_SEARCH_USER_PATHS = NO;
				CLANG_ANALYZER_NONNULL = YES;
				CLANG_CXX_LANGUAGE_STANDARD = "gnu++0x";
				CLANG_CXX_LIBRARY = "libc++";
				CLANG_ENABLE_MODULES = YES;
				CLANG_ENABLE_OBJC_ARC = YES;
				CLANG_WARN_BOOL_CONVERSION = YES;
				CLANG_WARN_CONSTANT_CONVERSION = YES;
				CLANG_WARN_DIRECT_OBJC_ISA_USAGE = YES_ERROR;
				CLANG_WARN_EMPTY_BODY = YES;
				CLANG_WARN_ENUM_CONVERSION = YES;
				CLANG_WARN_INT_CONVERSION = YES;
				CLANG_WARN_OBJC_ROOT_CLASS = YES_ERROR;
				CLANG_WARN_UNREACHABLE_CODE = YES;
				CLANG_WARN__DUPLICATE_METHOD_MATCH = YES;
				"CODE_SIGN_IDENTITY[sdk=iphoneos*]" = "iPhone Developer";
				COPY_PHASE_STRIP = NO;
				DEBUG_INFORMATION_FORMAT = "dwarf-with-dsym";
				ENABLE_NS_ASSERTIONS = NO;
				ENABLE_STRICT_OBJC_MSGSEND = YES;
				GCC_C_LANGUAGE_STANDARD = gnu99;
				GCC_NO_COMMON_BLOCKS = YES;
				GCC_WARN_64_TO_32_BIT_CONVERSION = YES;
				GCC_WARN_ABOUT_RETURN_TYPE = YES_ERROR;
				GCC_WARN_UNDECLARED_SELECTOR = YES;
				GCC_WARN_UNINITIALIZED_AUTOS = YES_AGGRESSIVE;
				GCC_WARN_UNUSED_FUNCTION = YES;
				GCC_WARN_UNUSED_VARIABLE = YES;
				IPHONEOS_DEPLOYMENT_TARGET = 9.3;
				MTL_ENABLE_DEBUG_INFO = NO;
				SDKROOT = iphoneos;
				TARGETED_DEVICE_FAMILY = "1,2";
				VALIDATE_PRODUCT = YES;
			};
			name = Release;
		};
		B527917B1D7BD94B00FA01C8 /* Debug */ = {
			isa = XCBuildConfiguration;
			buildSettings = {
				ASSETCATALOG_COMPILER_APPICON_NAME = AppIcon;
				CODE_SIGN_IDENTITY = "iPhone Developer";
				INFOPLIST_FILE = WordBomb/Info.plist;
				IPHONEOS_DEPLOYMENT_TARGET = 8.1;
				LD_RUNPATH_SEARCH_PATHS = "$(inherited) @executable_path/Frameworks";
				PRODUCT_BUNDLE_IDENTIFIER = Beliro.WordBomb;
				PRODUCT_NAME = "$(TARGET_NAME)";
			};
			name = Debug;
		};
		B527917C1D7BD94B00FA01C8 /* Release */ = {
			isa = XCBuildConfiguration;
			buildSettings = {
				ASSETCATALOG_COMPILER_APPICON_NAME = AppIcon;
				CODE_SIGN_IDENTITY = "iPhone Developer";
				INFOPLIST_FILE = WordBomb/Info.plist;
				IPHONEOS_DEPLOYMENT_TARGET = 8.1;
				LD_RUNPATH_SEARCH_PATHS = "$(inherited) @executable_path/Frameworks";
				PRODUCT_BUNDLE_IDENTIFIER = Beliro.WordBomb;
				PRODUCT_NAME = "$(TARGET_NAME)";
			};
			name = Release;
		};
/* End XCBuildConfiguration section */

/* Begin XCConfigurationList section */
		B527915F1D7BD94A00FA01C8 /* Build configuration list for PBXProject "WordBomb" */ = {
			isa = XCConfigurationList;
			buildConfigurations = (
				B52791781D7BD94B00FA01C8 /* Debug */,
				B52791791D7BD94B00FA01C8 /* Release */,
			);
			defaultConfigurationIsVisible = 0;
			defaultConfigurationName = Release;
		};
		B527917A1D7BD94B00FA01C8 /* Build configuration list for PBXNativeTarget "WordBomb" */ = {
			isa = XCConfigurationList;
			buildConfigurations = (
				B527917B1D7BD94B00FA01C8 /* Debug */,
				B527917C1D7BD94B00FA01C8 /* Release */,
			);
			defaultConfigurationIsVisible = 0;
		};
/* End XCConfigurationList section */
	};
	rootObject = B527915C1D7BD94A00FA01C8 /* Project object */;
}
